# This file is automatically @generated by Cargo.
# It is not intended for manual editing.
version = 3

[[package]]
name = "dstv"
version = "0.5.0"
source = "registry+https://github.com/rust-lang/crates.io-index"
checksum = "3e2f8734e38019e1516de6238acc5de4eb277ac5b37d310f1987d15bdcca0319"

[[package]]
name = "dstv-test"
version = "0.1.0"
dependencies = [
 "dstv",
]
